// !$*UTF8*$!
{
	archiveVersion = 1;
	classes = {
	};
	objectVersion = 77;
	objects = {

/* Begin PBXContainerItemProxy section */
		F35B7D632D31A72C00940499 /* PBXContainerItemProxy */ = {
			isa = PBXContainerItemProxy;
			containerPortal = F35B7D4A2D31A72A00940499 /* Project object */;
			proxyType = 1;
			remoteGlobalIDString = F35B7D512D31A72A00940499;
			remoteInfo = MemoryGame2025;
		};
		F35B7D6D2D31A72C00940499 /* PBXContainerItemProxy */ = {
			isa = PBXContainerItemProxy;
			containerPortal = F35B7D4A2D31A72A00940499 /* Project object */;
			proxyType = 1;
			remoteGlobalIDString = F35B7D512D31A72A00940499;
			remoteInfo = MemoryGame2025;
		};
/* End PBXContainerItemProxy section */

/* Begin PBXFileReference section */
		F35B7D522D31A72A00940499 /* MemoryGame2025.app */ = {isa = PBXFileReference; explicitFileType = wrapper.application; includeInIndex = 0; path = MemoryGame2025.app; sourceTree = BUILT_PRODUCTS_DIR; };
		F35B7D622D31A72C00940499 /* MemoryGame2025Tests.xctest */ = {isa = PBXFileReference; explicitFileType = wrapper.cfbundle; includeInIndex = 0; path = MemoryGame2025Tests.xctest; sourceTree = BUILT_PRODUCTS_DIR; };
		F35B7D6C2D31A72C00940499 /* MemoryGame2025UITests.xctest */ = {isa = PBXFileReference; explicitFileType = wrapper.cfbundle; includeInIndex = 0; path = MemoryGame2025UITests.xctest; sourceTree = BUILT_PRODUCTS_DIR; };
		F3A46CC12D4425ED00B036FC /* MemoryGame2025.xctestplan */ = {isa = PBXFileReference; lastKnownFileType = text; path = MemoryGame2025.xctestplan; sourceTree = "<group>"; };
/* End PBXFileReference section */

/* Begin PBXFileSystemSynchronizedBuildFileExceptionSet section */
		F3A46CC32D44281800B036FC /* Exceptions for "MemoryGame2025" folder in "MemoryGame2025UITests" target */ = {
			isa = PBXFileSystemSynchronizedBuildFileExceptionSet;
			membershipExceptions = (
				Board.swift,
				ContentView.swift,
				GameView.swift,
				ImagePickerView.swift,
				MemoryGame2025App.swift,
				SettingsView.swift,
				Tile.swift,
			);
			target = F35B7D6B2D31A72C00940499 /* MemoryGame2025UITests */;
		};
/* End PBXFileSystemSynchronizedBuildFileExceptionSet section */

/* Begin PBXFileSystemSynchronizedRootGroup section */
		F35B7D542D31A72A00940499 /* MemoryGame2025 */ = {
			isa = PBXFileSystemSynchronizedRootGroup;
			exceptions = (
				F3A46CC32D44281800B036FC /* Exceptions for "MemoryGame2025" folder in "MemoryGame2025UITests" target */,
			);
			path = MemoryGame2025;
			sourceTree = "<group>";
		};
		F35B7D652D31A72C00940499 /* MemoryGame2025Tests */ = {
			isa = PBXFileSystemSynchronizedRootGroup;
			path = MemoryGame2025Tests;
			sourceTree = "<group>";
		};
		F35B7D6F2D31A72C00940499 /* MemoryGame2025UITests */ = {
			isa = PBXFileSystemSynchronizedRootGroup;
			path = MemoryGame2025UITests;
			sourceTree = "<group>";
		};
/* End PBXFileSystemSynchronizedRootGroup section */

/* Begin PBXFrameworksBuildPhase section */
		F35B7D4F2D31A72A00940499 /* Frameworks */ = {
			isa = PBXFrameworksBuildPhase;
			buildActionMask = 2147483647;
			files = (
			);
			runOnlyForDeploymentPostprocessing = 0;
		};
		F35B7D5F2D31A72C00940499 /* Frameworks */ = {
			isa = PBXFrameworksBuildPhase;
			buildActionMask = 2147483647;
			files = (
			);
			runOnlyForDeploymentPostprocessing = 0;
		};
		F35B7D692D31A72C00940499 /* Frameworks */ = {
			isa = PBXFrameworksBuildPhase;
			buildActionMask = 2147483647;
			files = (
			);
			runOnlyForDeploymentPostprocessing = 0;
		};
/* End PBXFrameworksBuildPhase section */

/* Begin PBXGroup section */
		F35B7D492D31A72A00940499 = {
			isa = PBXGroup;
			children = (
				F3A46CC12D4425ED00B036FC /* MemoryGame2025.xctestplan */,
				F35B7D542D31A72A00940499 /* MemoryGame2025 */,
				F35B7D652D31A72C00940499 /* MemoryGame2025Tests */,
				F35B7D6F2D31A72C00940499 /* MemoryGame2025UITests */,
				F35B7D532D31A72A00940499 /* Products */,
			);
			sourceTree = "<group>";
		};
		F35B7D532D31A72A00940499 /* Products */ = {
			isa = PBXGroup;
			children = (
				F35B7D522D31A72A00940499 /* MemoryGame2025.app */,
				F35B7D622D31A72C00940499 /* MemoryGame2025Tests.xctest */,
				F35B7D6C2D31A72C00940499 /* MemoryGame2025UITests.xctest */,
			);
			name = Products;
			sourceTree = "<group>";
		};
/* End PBXGroup section */

/* Begin PBXNativeTarget section */
		F35B7D512D31A72A00940499 /* MemoryGame2025 */ = {
			isa = PBXNativeTarget;
			buildConfigurationList = F35B7D762D31A72C00940499 /* Build configuration list for PBXNativeTarget "MemoryGame2025" */;
			buildPhases = (
				F35B7D4E2D31A72A00940499 /* Sources */,
				F35B7D4F2D31A72A00940499 /* Frameworks */,
				F35B7D502D31A72A00940499 /* Resources */,
			);
			buildRules = (
			);
			dependencies = (
			);
			fileSystemSynchronizedGroups = (
				F35B7D542D31A72A00940499 /* MemoryGame2025 */,
			);
			name = MemoryGame2025;
			packageProductDependencies = (
			);
			productName = MemoryGame2025;
			productReference = F35B7D522D31A72A00940499 /* MemoryGame2025.app */;
			productType = "com.apple.product-type.application";
		};
		F35B7D612D31A72C00940499 /* MemoryGame2025Tests */ = {
			isa = PBXNativeTarget;
			buildConfigurationList = F35B7D792D31A72C00940499 /* Build configuration list for PBXNativeTarget "MemoryGame2025Tests" */;
			buildPhases = (
				F35B7D5E2D31A72C00940499 /* Sources */,
				F35B7D5F2D31A72C00940499 /* Frameworks */,
				F35B7D602D31A72C00940499 /* Resources */,
			);
			buildRules = (
			);
			dependencies = (
				F35B7D642D31A72C00940499 /* PBXTargetDependency */,
			);
			fileSystemSynchronizedGroups = (
				F35B7D652D31A72C00940499 /* MemoryGame2025Tests */,
			);
			name = MemoryGame2025Tests;
			packageProductDependencies = (
			);
			productName = MemoryGame2025Tests;
			productReference = F35B7D622D31A72C00940499 /* MemoryGame2025Tests.xctest */;
			productType = "com.apple.product-type.bundle.unit-test";
		};
		F35B7D6B2D31A72C00940499 /* MemoryGame2025UITests */ = {
			isa = PBXNativeTarget;
			buildConfigurationList = F35B7D7C2D31A72C00940499 /* Build configuration list for PBXNativeTarget "MemoryGame2025UITests" */;
			buildPhases = (
				F35B7D682D31A72C00940499 /* Sources */,
				F35B7D692D31A72C00940499 /* Frameworks */,
				F35B7D6A2D31A72C00940499 /* Resources */,
			);
			buildRules = (
			);
			dependencies = (
				F35B7D6E2D31A72C00940499 /* PBXTargetDependency */,
			);
			fileSystemSynchronizedGroups = (
				F35B7D6F2D31A72C00940499 /* MemoryGame2025UITests */,
			);
			name = MemoryGame2025UITests;
			packageProductDependencies = (
			);
			productName = MemoryGame2025UITests;
			productReference = F35B7D6C2D31A72C00940499 /* MemoryGame2025UITests.xctest */;
			productType = "com.apple.product-type.bundle.ui-testing";
		};
/* End PBXNativeTarget section */

/* Begin PBXProject section */
		F35B7D4A2D31A72A00940499 /* Project object */ = {
			isa = PBXProject;
			attributes = {
				BuildIndependentTargetsInParallel = 1;
				LastSwiftUpdateCheck = 1620;
				LastUpgradeCheck = 1620;
				TargetAttributes = {
					F35B7D512D31A72A00940499 = {
						CreatedOnToolsVersion = 16.2;
					};
					F35B7D612D31A72C00940499 = {
						CreatedOnToolsVersion = 16.2;
						TestTargetID = F35B7D512D31A72A00940499;
					};
					F35B7D6B2D31A72C00940499 = {
						CreatedOnToolsVersion = 16.2;
						TestTargetID = F35B7D512D31A72A00940499;
					};
				};
			};
			buildConfigurationList = F35B7D4D2D31A72A00940499 /* Build configuration list for PBXProject "MemoryGame2025" */;
			developmentRegion = en;
			hasScannedForEncodings = 0;
			knownRegions = (
				en,
				Base,
			);
			mainGroup = F35B7D492D31A72A00940499;
			minimizedProjectReferenceProxies = 1;
			preferredProjectObjectVersion = 77;
			productRefGroup = F35B7D532D31A72A00940499 /* Products */;
			projectDirPath = "";
			projectRoot = "";
			targets = (
				F35B7D512D31A72A00940499 /* MemoryGame2025 */,
				F35B7D612D31A72C00940499 /* MemoryGame2025Tests */,
				F35B7D6B2D31A72C00940499 /* MemoryGame2025UITests */,
			);
		};
/* End PBXProject section */

/* Begin PBXResourcesBuildPhase section */
		F35B7D502D31A72A00940499 /* Resources */ = {
			isa = PBXResourcesBuildPhase;
			buildActionMask = 2147483647;
			files = (
			);
			runOnlyForDeploymentPostprocessing = 0;
		};
		F35B7D602D31A72C00940499 /* Resources */ = {
			isa = PBXResourcesBuildPhase;
			buildActionMask = 2147483647;
			files = (
			);
			runOnlyForDeploymentPostprocessing = 0;
		};
		F35B7D6A2D31A72C00940499 /* Resources */ = {
			isa = PBXResourcesBuildPhase;
			buildActionMask = 2147483647;
			files = (
			);
			runOnlyForDeploymentPostprocessing = 0;
		};
/* End PBXResourcesBuildPhase section */

/* Begin PBXSourcesBuildPhase section */
		F35B7D4E2D31A72A00940499 /* Sources */ = {
			isa = PBXSourcesBuildPhase;
			buildActionMask = 2147483647;
			files = (
			);
			runOnlyForDeploymentPostprocessing = 0;
		};
		F35B7D5E2D31A72C00940499 /* Sources */ = {
			isa = PBXSourcesBuildPhase;
			buildActionMask = 2147483647;
			files = (
			);
			runOnlyForDeploymentPostprocessing = 0;
		};
		F35B7D682D31A72C00940499 /* Sources */ = {
			isa = PBXSourcesBuildPhase;
			buildActionMask = 2147483647;
			files = (
			);
			runOnlyForDeploymentPostprocessing = 0;
		};
/* End PBXSourcesBuildPhase section */

/* Begin PBXTargetDependency section */
		F35B7D642D31A72C00940499 /* PBXTargetDependency */ = {
			isa = PBXTargetDependency;
			target = F35B7D512D31A72A00940499 /* MemoryGame2025 */;
			targetProxy = F35B7D632D31A72C00940499 /* PBXContainerItemProxy */;
		};
		F35B7D6E2D31A72C00940499 /* PBXTargetDependency */ = {
			isa = PBXTargetDependency;
			target = F35B7D512D31A72A00940499 /* MemoryGame2025 */;
			targetProxy = F35B7D6D2D31A72C00940499 /* PBXContainerItemProxy */;
		};
/* End PBXTargetDependency section */

/* Begin XCBuildConfiguration section */
		F35B7D742D31A72C00940499 /* Debug */ = {
			isa = XCBuildConfiguration;
			buildSettings = {
				ALWAYS_SEARCH_USER_PATHS = NO;
				ASSETCATALOG_COMPILER_GENERATE_SWIFT_ASSET_SYMBOL_EXTENSIONS = YES;
				CLANG_ANALYZER_NONNULL = YES;
				CLANG_ANALYZER_NUMBER_OBJECT_CONVERSION = YES_AGGRESSIVE;
				CLANG_CXX_LANGUAGE_STANDARD = "gnu++20";
				CLANG_ENABLE_MODULES = YES;
				CLANG_ENABLE_OBJC_ARC = YES;
				CLANG_ENABLE_OBJC_WEAK = YES;
				CLANG_WARN_BLOCK_CAPTURE_AUTORELEASING = YES;
				CLANG_WARN_BOOL_CONVERSION = YES;
				CLANG_WARN_COMMA = YES;
				CLANG_WARN_CONSTANT_CONVERSION = YES;
				CLANG_WARN_DEPRECATED_OBJC_IMPLEMENTATIONS = YES;
				CLANG_WARN_DIRECT_OBJC_ISA_USAGE = YES_ERROR;
				CLANG_WARN_DOCUMENTATION_COMMENTS = YES;
				CLANG_WARN_EMPTY_BODY = YES;
				CLANG_WARN_ENUM_CONVERSION = YES;
				CLANG_WARN_INFINITE_RECURSION = YES;
				CLANG_WARN_INT_CONVERSION = YES;
				CLANG_WARN_NON_LITERAL_NULL_CONVERSION = YES;
				CLANG_WARN_OBJC_IMPLICIT_RETAIN_SELF = YES;
				CLANG_WARN_OBJC_LITERAL_CONVERSION = YES;
				CLANG_WARN_OBJC_ROOT_CLASS = YES_ERROR;
				CLANG_WARN_QUOTED_INCLUDE_IN_FRAMEWORK_HEADER = YES;
				CLANG_WARN_RANGE_LOOP_ANALYSIS = YES;
				CLANG_WARN_STRICT_PROTOTYPES = YES;
				CLANG_WARN_SUSPICIOUS_MOVE = YES;
				CLANG_WARN_UNGUARDED_AVAILABILITY = YES_AGGRESSIVE;
				CLANG_WARN_UNREACHABLE_CODE = YES;
				CLANG_WARN__DUPLICATE_METHOD_MATCH = YES;
				COPY_PHASE_STRIP = NO;
				DEBUG_INFORMATION_FORMAT = dwarf;
				ENABLE_STRICT_OBJC_MSGSEND = YES;
				ENABLE_TESTABILITY = YES;
				ENABLE_USER_SCRIPT_SANDBOXING = YES;
				GCC_C_LANGUAGE_STANDARD = gnu17;
				GCC_DYNAMIC_NO_PIC = NO;
				GCC_NO_COMMON_BLOCKS = YES;
				GCC_OPTIMIZATION_LEVEL = 0;
				GCC_PREPROCESSOR_DEFINITIONS = (
					"DEBUG=1",
					"$(inherited)",
				);
				GCC_WARN_64_TO_32_BIT_CONVERSION = YES;
				GCC_WARN_ABOUT_RETURN_TYPE = YES_ERROR;
				GCC_WARN_UNDECLARED_SELECTOR = YES;
				GCC_WARN_UNINITIALIZED_AUTOS = YES_AGGRESSIVE;
				GCC_WARN_UNUSED_FUNCTION = YES;
				GCC_WARN_UNUSED_VARIABLE = YES;
				IPHONEOS_DEPLOYMENT_TARGET = 18.2;
				LOCALIZATION_PREFERS_STRING_CATALOGS = YES;
				MTL_ENABLE_DEBUG_INFO = INCLUDE_SOURCE;
				MTL_FAST_MATH = YES;
				ONLY_ACTIVE_ARCH = YES;
				SDKROOT = iphoneos;
				SWIFT_ACTIVE_COMPILATION_CONDITIONS = "DEBUG $(inherited)";
				SWIFT_OPTIMIZATION_LEVEL = "-Onone";
			};
			name = Debug;
		};
		F35B7D752D31A72C00940499 /* Release */ = {
			isa = XCBuildConfiguration;
			buildSettings = {
				ALWAYS_SEARCH_USER_PATHS = NO;
				ASSETCATALOG_COMPILER_GENERATE_SWIFT_ASSET_SYMBOL_EXTENSIONS = YES;
				CLANG_ANALYZER_NONNULL = YES;
				CLANG_ANALYZER_NUMBER_OBJECT_CONVERSION = YES_AGGRESSIVE;
				CLANG_CXX_LANGUAGE_STANDARD = "gnu++20";
				CLANG_ENABLE_MODULES = YES;
				CLANG_ENABLE_OBJC_ARC = YES;
				CLANG_ENABLE_OBJC_WEAK = YES;
				CLANG_WARN_BLOCK_CAPTURE_AUTORELEASING = YES;
				CLANG_WARN_BOOL_CONVERSION = YES;
				CLANG_WARN_COMMA = YES;
				CLANG_WARN_CONSTANT_CONVERSION = YES;
				CLANG_WARN_DEPRECATED_OBJC_IMPLEMENTATIONS = YES;
				CLANG_WARN_DIRECT_OBJC_ISA_USAGE = YES_ERROR;
				CLANG_WARN_DOCUMENTATION_COMMENTS = YES;
				CLANG_WARN_EMPTY_BODY = YES;
				CLANG_WARN_ENUM_CONVERSION = YES;
				CLANG_WARN_INFINITE_RECURSION = YES;
				CLANG_WARN_INT_CONVERSION = YES;
				CLANG_WARN_NON_LITERAL_NULL_CONVERSION = YES;
				CLANG_WARN_OBJC_IMPLICIT_RETAIN_SELF = YES;
				CLANG_WARN_OBJC_LITERAL_CONVERSION = YES;
				CLANG_WARN_OBJC_ROOT_CLASS = YES_ERROR;
				CLANG_WARN_QUOTED_INCLUDE_IN_FRAMEWORK_HEADER = YES;
				CLANG_WARN_RANGE_LOOP_ANALYSIS = YES;
				CLANG_WARN_STRICT_PROTOTYPES = YES;
				CLANG_WARN_SUSPICIOUS_MOVE = YES;
				CLANG_WARN_UNGUARDED_AVAILABILITY = YES_AGGRESSIVE;
				CLANG_WARN_UNREACHABLE_CODE = YES;
				CLANG_WARN__DUPLICATE_METHOD_MATCH = YES;
				COPY_PHASE_STRIP = NO;
				DEBUG_INFORMATION_FORMAT = "dwarf-with-dsym";
				ENABLE_NS_ASSERTIONS = NO;
				ENABLE_STRICT_OBJC_MSGSEND = YES;
				ENABLE_USER_SCRIPT_SANDBOXING = YES;
				GCC_C_LANGUAGE_STANDARD = gnu17;
				GCC_NO_COMMON_BLOCKS = YES;
				GCC_WARN_64_TO_32_BIT_CONVERSION = YES;
				GCC_WARN_ABOUT_RETURN_TYPE = YES_ERROR;
				GCC_WARN_UNDECLARED_SELECTOR = YES;
				GCC_WARN_UNINITIALIZED_AUTOS = YES_AGGRESSIVE;
				GCC_WARN_UNUSED_FUNCTION = YES;
				GCC_WARN_UNUSED_VARIABLE = YES;
				IPHONEOS_DEPLOYMENT_TARGET = 18.2;
				LOCALIZATION_PREFERS_STRING_CATALOGS = YES;
				MTL_ENABLE_DEBUG_INFO = NO;
				MTL_FAST_MATH = YES;
				SDKROOT = iphoneos;
				SWIFT_COMPILATION_MODE = wholemodule;
				VALIDATE_PRODUCT = YES;
			};
			name = Release;
		};
		F35B7D772D31A72C00940499 /* Debug */ = {
			isa = XCBuildConfiguration;
			buildSettings = {
				ASSETCATALOG_COMPILER_APPICON_NAME = AppIcon;
				ASSETCATALOG_COMPILER_GLOBAL_ACCENT_COLOR_NAME = AccentColor;
				CODE_SIGN_STYLE = Automatic;
				CURRENT_PROJECT_VERSION = 1;
				DEVELOPMENT_ASSET_PATHS = "\"MemoryGame2025/Preview Content\"";
				DEVELOPMENT_TEAM = D78J6SXDYK;
				ENABLE_PREVIEWS = YES;
				GENERATE_INFOPLIST_FILE = YES;
				INFOPLIST_KEY_UIApplicationSceneManifest_Generation = YES;
				INFOPLIST_KEY_UIApplicationSupportsIndirectInputEvents = YES;
				INFOPLIST_KEY_UILaunchScreen_Generation = YES;
				INFOPLIST_KEY_UISupportedInterfaceOrientations_iPad = "UIInterfaceOrientationPortrait UIInterfaceOrientationPortraitUpsideDown UIInterfaceOrientationLandscapeLeft UIInterfaceOrientationLandscapeRight";
				INFOPLIST_KEY_UISupportedInterfaceOrientations_iPhone = "UIInterfaceOrientationPortrait UIInterfaceOrientationLandscapeLeft UIInterfaceOrientationLandscapeRight";
				IPHONEOS_DEPLOYMENT_TARGET = 17.6;
				LD_RUNPATH_SEARCH_PATHS = (
					"$(inherited)",
					"@executable_path/Frameworks",
				);
				MARKETING_VERSION = 1.0;
				PRODUCT_BUNDLE_IDENTIFIER = ca.camosun.icsc0540642.MemoryGame2025;
				PRODUCT_NAME = "$(TARGET_NAME)";
				SWIFT_EMIT_LOC_STRINGS = YES;
				SWIFT_VERSION = 5.0;
				TARGETED_DEVICE_FAMILY = "1,2";
			};
			name = Debug;
		};
		F35B7D782D31A72C00940499 /* Release */ = {
			isa = XCBuildConfiguration;
			buildSettings = {
				ASSETCATALOG_COMPILER_APPICON_NAME = AppIcon;
				ASSETCATALOG_COMPILER_GLOBAL_ACCENT_COLOR_NAME = AccentColor;
				CODE_SIGN_STYLE = Automatic;
				CURRENT_PROJECT_VERSION = 1;
				DEVELOPMENT_ASSET_PATHS = "\"MemoryGame2025/Preview Content\"";
				DEVELOPMENT_TEAM = D78J6SXDYK;
				ENABLE_PREVIEWS = YES;
				GENERATE_INFOPLIST_FILE = YES;
				INFOPLIST_KEY_UIApplicationSceneManifest_Generation = YES;
				INFOPLIST_KEY_UIApplicationSupportsIndirectInputEvents = YES;
				INFOPLIST_KEY_UILaunchScreen_Generation = YES;
				INFOPLIST_KEY_UISupportedInterfaceOrientations_iPad = "UIInterfaceOrientationPortrait UIInterfaceOrientationPortraitUpsideDown UIInterfaceOrientationLandscapeLeft UIInterfaceOrientationLandscapeRight";
				INFOPLIST_KEY_UISupportedInterfaceOrientations_iPhone = "UIInterfaceOrientationPortrait UIInterfaceOrientationLandscapeLeft UIInterfaceOrientationLandscapeRight";
				IPHONEOS_DEPLOYMENT_TARGET = 17.6;
				LD_RUNPATH_SEARCH_PATHS = (
					"$(inherited)",
					"@executable_path/Frameworks",
				);
				MARKETING_VERSION = 1.0;
				PRODUCT_BUNDLE_IDENTIFIER = ca.camosun.icsc0540642.MemoryGame2025;
				PRODUCT_NAME = "$(TARGET_NAME)";
				SWIFT_EMIT_LOC_STRINGS = YES;
				SWIFT_VERSION = 5.0;
				TARGETED_DEVICE_FAMILY = "1,2";
			};
			name = Release;
		};
		F35B7D7A2D31A72C00940499 /* Debug */ = {
			isa = XCBuildConfiguration;
			buildSettings = {
				BUNDLE_LOADER = "$(TEST_HOST)";
				CODE_SIGN_STYLE = Automatic;
				CURRENT_PROJECT_VERSION = 1;
				DEVELOPMENT_TEAM = D78J6SXDYK;
				GENERATE_INFOPLIST_FILE = YES;
				IPHONEOS_DEPLOYMENT_TARGET = 18.2;
				MARKETING_VERSION = 1.0;
				PRODUCT_BUNDLE_IDENTIFIER = ca.camosun.icsc0540642.MemoryGame2025Tests;
				PRODUCT_NAME = "$(TARGET_NAME)";
				SWIFT_EMIT_LOC_STRINGS = NO;
				SWIFT_VERSION = 5.0;
				TARGETED_DEVICE_FAMILY = "1,2";
				TEST_HOST = "$(BUILT_PRODUCTS_DIR)/MemoryGame2025.app/$(BUNDLE_EXECUTABLE_FOLDER_PATH)/MemoryGame2025";
			};
			name = Debug;
		};
		F35B7D7B2D31A72C00940499 /* Release */ = {
			isa = XCBuildConfiguration;
			buildSettings = {
				BUNDLE_LOADER = "$(TEST_HOST)";
				CODE_SIGN_STYLE = Automatic;
				CURRENT_PROJECT_VERSION = 1;
				DEVELOPMENT_TEAM = D78J6SXDYK;
				GENERATE_INFOPLIST_FILE = YES;
				IPHONEOS_DEPLOYMENT_TARGET = 18.2;
				MARKETING_VERSION = 1.0;
				PRODUCT_BUNDLE_IDENTIFIER = ca.camosun.icsc0540642.MemoryGame2025Tests;
				PRODUCT_NAME = "$(TARGET_NAME)";
				SWIFT_EMIT_LOC_STRINGS = NO;
				SWIFT_VERSION = 5.0;
				TARGETED_DEVICE_FAMILY = "1,2";
				TEST_HOST = "$(BUILT_PRODUCTS_DIR)/MemoryGame2025.app/$(BUNDLE_EXECUTABLE_FOLDER_PATH)/MemoryGame2025";
			};
			name = Release;
		};
		F35B7D7D2D31A72C00940499 /* Debug */ = {
			isa = XCBuildConfiguration;
			buildSettings = {
				CODE_SIGN_STYLE = Automatic;
				CURRENT_PROJECT_VERSION = 1;
				GENERATE_INFOPLIST_FILE = YES;
				MARKETING_VERSION = 1.0;
				PRODUCT_BUNDLE_IDENTIFIER = ca.camosun.icsc0540642.MemoryGame2025UITests;
				PRODUCT_NAME = "$(TARGET_NAME)";
				SWIFT_EMIT_LOC_STRINGS = NO;
				SWIFT_VERSION = 5.0;
				TARGETED_DEVICE_FAMILY = "1,2";
				TEST_TARGET_NAME = MemoryGame2025;
			};
			name = Debug;
		};
		F35B7D7E2D31A72C00940499 /* Release */ = {
			isa = XCBuildConfiguration;
			buildSettings = {
				CODE_SIGN_STYLE = Automatic;
				CURRENT_PROJECT_VERSION = 1;
				GENERATE_INFOPLIST_FILE = YES;
				MARKETING_VERSION = 1.0;
				PRODUCT_BUNDLE_IDENTIFIER = ca.camosun.icsc0540642.MemoryGame2025UITests;
				PRODUCT_NAME = "$(TARGET_NAME)";
				SWIFT_EMIT_LOC_STRINGS = NO;
				SWIFT_VERSION = 5.0;
				TARGETED_DEVICE_FAMILY = "1,2";
				TEST_TARGET_NAME = MemoryGame2025;
			};
			name = Release;
		};
/* End XCBuildConfiguration section */

/* Begin XCConfigurationList section */
		F35B7D4D2D31A72A00940499 /* Build configuration list for PBXProject "MemoryGame2025" */ = {
			isa = XCConfigurationList;
			buildConfigurations = (
				F35B7D742D31A72C00940499 /* Debug */,
				F35B7D752D31A72C00940499 /* Release */,
			);
			defaultConfigurationIsVisible = 0;
			defaultConfigurationName = Release;
		};
		F35B7D762D31A72C00940499 /* Build configuration list for PBXNativeTarget "MemoryGame2025" */ = {
			isa = XCConfigurationList;
			buildConfigurations = (
				F35B7D772D31A72C00940499 /* Debug */,
				F35B7D782D31A72C00940499 /* Release */,
			);
			defaultConfigurationIsVisible = 0;
			defaultConfigurationName = Release;
		};
		F35B7D792D31A72C00940499 /* Build configuration list for PBXNativeTarget "MemoryGame2025Tests" */ = {
			isa = XCConfigurationList;
			buildConfigurations = (
				F35B7D7A2D31A72C00940499 /* Debug */,
				F35B7D7B2D31A72C00940499 /* Release */,
			);
			defaultConfigurationIsVisible = 0;
			defaultConfigurationName = Release;
		};
		F35B7D7C2D31A72C00940499 /* Build configuration list for PBXNativeTarget "MemoryGame2025UITests" */ = {
			isa = XCConfigurationList;
			buildConfigurations = (
				F35B7D7D2D31A72C00940499 /* Debug */,
				F35B7D7E2D31A72C00940499 /* Release */,
			);
			defaultConfigurationIsVisible = 0;
			defaultConfigurationName = Release;
		};
/* End XCConfigurationList section */
	};
	rootObject = F35B7D4A2D31A72A00940499 /* Project object */;
}
